// !$*UTF8*$!
{
	archiveVersion = 1;
	classes = {
	};
	objectVersion = 54;
	objects = {

/* Begin PBXBuildFile section */
		00E356F31AD99517003FC87E /* PanthaTests.m in Sources */ = {isa = PBXBuildFile; fileRef = 00E356F21AD99517003FC87E /* PanthaTests.m */; };
		051E5152C5B14E92AF6086FA /* EvilIcons.ttf in Resources */ = {isa = PBXBuildFile; fileRef = 181C48F5C08F4B3DB69112FA /* EvilIcons.ttf */; };
		05EA03A389450F0E7AA8189C /* libPods-Pantha-PanthaTests.a in Frameworks */ = {isa = PBXBuildFile; fileRef = 8446AA493F02A3EF32805479 /* libPods-Pantha-PanthaTests.a */; };
		13B07FBC1A68108700A75B9A /* AppDelegate.m in Sources */ = {isa = PBXBuildFile; fileRef = 13B07FB01A68108700A75B9A /* AppDelegate.m */; };
		13B07FBF1A68108700A75B9A /* Images.xcassets in Resources */ = {isa = PBXBuildFile; fileRef = 13B07FB51A68108700A75B9A /* Images.xcassets */; };
		13B07FC11A68108700A75B9A /* main.m in Sources */ = {isa = PBXBuildFile; fileRef = 13B07FB71A68108700A75B9A /* main.m */; };
		18EEFAC02671625300742EFE /* fonts in Resources */ = {isa = PBXBuildFile; fileRef = 18EEFABF2671625300742EFE /* fonts */; };
		207F4B774013C76D5B3D0EFC /* libPods-Pantha.a in Frameworks */ = {isa = PBXBuildFile; fileRef = 263F208C78A4C9B58664BC9A /* libPods-Pantha.a */; };
		3BD676C1A3654F509F7AF666 /* FontAwesome.ttf in Resources */ = {isa = PBXBuildFile; fileRef = 3579FE0C0E0144C0B5CDD6F2 /* FontAwesome.ttf */; };
		40CC3824085C45D186337390 /* Octicons.ttf in Resources */ = {isa = PBXBuildFile; fileRef = 0371EDBCCE58455E8D31A75B /* Octicons.ttf */; };
		446BF0208EFC43E28D4BF647 /* MaterialCommunityIcons.ttf in Resources */ = {isa = PBXBuildFile; fileRef = 589EF21777794F20B1CBBEBB /* MaterialCommunityIcons.ttf */; };
		45B5A720ADB24BCDA8FFFA23 /* FontAwesome5_Brands.ttf in Resources */ = {isa = PBXBuildFile; fileRef = E950A7744CFB47DDB343E269 /* FontAwesome5_Brands.ttf */; };
		4D2F1F79646A4AE89BD75896 /* FontAwesome5_Solid.ttf in Resources */ = {isa = PBXBuildFile; fileRef = 91B0AB0DD1A74132A19799DB /* FontAwesome5_Solid.ttf */; };
		58ED859B9D584EEEA4DDAC21 /* AntDesign.ttf in Resources */ = {isa = PBXBuildFile; fileRef = 2F2B6FAE6ECF47A98C1AAC45 /* AntDesign.ttf */; };
		658F8D2206D145B19A5A5D10 /* Foundation.ttf in Resources */ = {isa = PBXBuildFile; fileRef = 3B1CA1C48B6A46B5AD17A945 /* Foundation.ttf */; };
		6E81510030494B579180497D /* Feather.ttf in Resources */ = {isa = PBXBuildFile; fileRef = C27EAD84C1E84D9482D03527 /* Feather.ttf */; };
		6FA7FA51DAFB4D09A21B5DBB /* SimpleLineIcons.ttf in Resources */ = {isa = PBXBuildFile; fileRef = D5847BC4354346608025CEEB /* SimpleLineIcons.ttf */; };
		72E224E3112A4DFDACC2E733 /* Zocial.ttf in Resources */ = {isa = PBXBuildFile; fileRef = C84F7D75B5094B7EA26BECCA /* Zocial.ttf */; };
		7C9447393A0B44439B9682AE /* MaterialIcons.ttf in Resources */ = {isa = PBXBuildFile; fileRef = 3CE7CBE9EC58496CB8D58117 /* MaterialIcons.ttf */; };
		81AB9BB82411601600AC10FF /* LaunchScreen.storyboard in Resources */ = {isa = PBXBuildFile; fileRef = 81AB9BB72411601600AC10FF /* LaunchScreen.storyboard */; };
		B0EF5B51BF5549D78EC51858 /* FontAwesome5_Regular.ttf in Resources */ = {isa = PBXBuildFile; fileRef = 0DDF747F5CA547D9A7720334 /* FontAwesome5_Regular.ttf */; };
		B3A8984DC4134F30A48438DF /* Entypo.ttf in Resources */ = {isa = PBXBuildFile; fileRef = 31E2F3C4F337473EA133D853 /* Entypo.ttf */; };
		E19910742DA64A31AD33BFA3 /* Fontisto.ttf in Resources */ = {isa = PBXBuildFile; fileRef = 41F1486117C74CD4991A83B5 /* Fontisto.ttf */; };
		F584C335553A456BA0370130 /* Ionicons.ttf in Resources */ = {isa = PBXBuildFile; fileRef = 8280681EA6B04248B1295EE1 /* Ionicons.ttf */; };
		BF291A229F744C5F9A6714A3 /* Raleway-Black.ttf in Resources */ = {isa = PBXBuildFile; fileRef = FCB78743900C4F6AA6963291 /* Raleway-Black.ttf */; };
		4384A079BDD044CF9025C7CE /* Raleway-BlackItalic.ttf in Resources */ = {isa = PBXBuildFile; fileRef = AAA7852E291B44A985DC9F76 /* Raleway-BlackItalic.ttf */; };
		476DF19844754C3C95C853D2 /* Raleway-Bold.ttf in Resources */ = {isa = PBXBuildFile; fileRef = 1A12BD94509141DE9A96136D /* Raleway-Bold.ttf */; };
		712C848325C34D8FA9BB3F61 /* Raleway-BoldItalic.ttf in Resources */ = {isa = PBXBuildFile; fileRef = DD29777F1A6941A39E068028 /* Raleway-BoldItalic.ttf */; };
		DFBD4F63795D4D80AC909293 /* Raleway-ExtraBold.ttf in Resources */ = {isa = PBXBuildFile; fileRef = 52B2258DFFD341AEB6D49FC9 /* Raleway-ExtraBold.ttf */; };
		AE1FB67981E74B96A5D26129 /* Raleway-ExtraBoldItalic.ttf in Resources */ = {isa = PBXBuildFile; fileRef = 4472AD2A7140466AA996FB3D /* Raleway-ExtraBoldItalic.ttf */; };
		F84F75ED4FD941EB8ACEC0B7 /* Raleway-ExtraLight.ttf in Resources */ = {isa = PBXBuildFile; fileRef = B2C7558EEC444B4A87B6F9CA /* Raleway-ExtraLight.ttf */; };
		58060A2B13384104A51C460E /* Raleway-ExtraLightItalic.ttf in Resources */ = {isa = PBXBuildFile; fileRef = 5FCA3F197BE74939AE0D16A6 /* Raleway-ExtraLightItalic.ttf */; };
		3C372AF220074C419CB37120 /* Raleway-Italic.ttf in Resources */ = {isa = PBXBuildFile; fileRef = 2A19AC47FC394BA4BEEADA08 /* Raleway-Italic.ttf */; };
		2A437B17057E439A9E0F765C /* Raleway-Light.ttf in Resources */ = {isa = PBXBuildFile; fileRef = 44400AF6CE094D8A8F584870 /* Raleway-Light.ttf */; };
		9E1F6008DDD54C5AA035FF7C /* Raleway-LightItalic.ttf in Resources */ = {isa = PBXBuildFile; fileRef = D194C5D80A92455798BE663E /* Raleway-LightItalic.ttf */; };
		24D61449B10F4829BC8B9FB7 /* Raleway-Medium.ttf in Resources */ = {isa = PBXBuildFile; fileRef = 44335B106FFE43B3A1D7AB7E /* Raleway-Medium.ttf */; };
		7CE9859EEB684A1F98DD0FC2 /* Raleway-MediumItalic.ttf in Resources */ = {isa = PBXBuildFile; fileRef = 1269668643F647CBA27E5FEC /* Raleway-MediumItalic.ttf */; };
		4C1E0BDA7E9E4C418067826C /* Raleway-Regular.ttf in Resources */ = {isa = PBXBuildFile; fileRef = C9D821B6E38940AFB455F610 /* Raleway-Regular.ttf */; };
		0C250658567A427FB06A4D73 /* Raleway-SemiBold.ttf in Resources */ = {isa = PBXBuildFile; fileRef = E25DD0BD815C49C3BCF8A9BF /* Raleway-SemiBold.ttf */; };
		1BF677911417433EA3C03721 /* Raleway-SemiBoldItalic.ttf in Resources */ = {isa = PBXBuildFile; fileRef = 041B78332CE744F2A7A3337D /* Raleway-SemiBoldItalic.ttf */; };
		AC38A9C7AC5B4D0DBCDBFB06 /* Raleway-Thin.ttf in Resources */ = {isa = PBXBuildFile; fileRef = F8B3C33E1B4B4F94A95C8DB6 /* Raleway-Thin.ttf */; };
		C8DF70C6D732414CB0DD9EE9 /* Raleway-ThinItalic.ttf in Resources */ = {isa = PBXBuildFile; fileRef = 8221E45501B542359BF04324 /* Raleway-ThinItalic.ttf */; };
		D5580BAEF80F416389075646 /* Poppins-Black.ttf in Resources */ = {isa = PBXBuildFile; fileRef = FD232C9AB257481D9CED8756 /* Poppins-Black.ttf */; };
		423FD2D353004F58BA2891D9 /* Poppins-Light.ttf in Resources */ = {isa = PBXBuildFile; fileRef = BA8C1933AD6844D585C1ACC4 /* Poppins-Light.ttf */; };
		674AC9DD1594480B9898F611 /* Poppins-Medium.ttf in Resources */ = {isa = PBXBuildFile; fileRef = CEB2EA3E892B4EC4A8C39531 /* Poppins-Medium.ttf */; };
		EF7A133EC8A2431C86A04172 /* Poppins-Regular.ttf in Resources */ = {isa = PBXBuildFile; fileRef = 20F4732E21414597BC859AD6 /* Poppins-Regular.ttf */; };
/* End PBXBuildFile section */

/* Begin PBXContainerItemProxy section */
		00E356F41AD99517003FC87E /* PBXContainerItemProxy */ = {
			isa = PBXContainerItemProxy;
			containerPortal = 83CBB9F71A601CBA00E9B192 /* Project object */;
			proxyType = 1;
			remoteGlobalIDString = 13B07F861A680F5B00A75B9A;
			remoteInfo = Pantha;
		};
/* End PBXContainerItemProxy section */

/* Begin PBXFileReference section */
		00E356EE1AD99517003FC87E /* PanthaTests.xctest */ = {isa = PBXFileReference; explicitFileType = wrapper.cfbundle; includeInIndex = 0; path = PanthaTests.xctest; sourceTree = BUILT_PRODUCTS_DIR; };
		00E356F11AD99517003FC87E /* Info.plist */ = {isa = PBXFileReference; lastKnownFileType = text.plist.xml; path = Info.plist; sourceTree = "<group>"; };
		00E356F21AD99517003FC87E /* PanthaTests.m */ = {isa = PBXFileReference; lastKnownFileType = sourcecode.c.objc; path = PanthaTests.m; sourceTree = "<group>"; };
		0371EDBCCE58455E8D31A75B /* Octicons.ttf */ = {isa = PBXFileReference; explicitFileType = undefined; fileEncoding = undefined; includeInIndex = 0; lastKnownFileType = unknown; name = Octicons.ttf; path = "../node_modules/react-native-vector-icons/Fonts/Octicons.ttf"; sourceTree = "<group>"; };
		05830BCD812F23D6E414C7C6 /* Pods-Pantha-PanthaTests.release.xcconfig */ = {isa = PBXFileReference; includeInIndex = 1; lastKnownFileType = text.xcconfig; name = "Pods-Pantha-PanthaTests.release.xcconfig"; path = "Target Support Files/Pods-Pantha-PanthaTests/Pods-Pantha-PanthaTests.release.xcconfig"; sourceTree = "<group>"; };
		0DDF747F5CA547D9A7720334 /* FontAwesome5_Regular.ttf */ = {isa = PBXFileReference; explicitFileType = undefined; fileEncoding = undefined; includeInIndex = 0; lastKnownFileType = unknown; name = FontAwesome5_Regular.ttf; path = "../node_modules/react-native-vector-icons/Fonts/FontAwesome5_Regular.ttf"; sourceTree = "<group>"; };
		13B07F961A680F5B00A75B9A /* Pantha.app */ = {isa = PBXFileReference; explicitFileType = wrapper.application; includeInIndex = 0; path = Pantha.app; sourceTree = BUILT_PRODUCTS_DIR; };
		13B07FAF1A68108700A75B9A /* AppDelegate.h */ = {isa = PBXFileReference; fileEncoding = 4; lastKnownFileType = sourcecode.c.h; name = AppDelegate.h; path = Pantha/AppDelegate.h; sourceTree = "<group>"; };
		13B07FB01A68108700A75B9A /* AppDelegate.m */ = {isa = PBXFileReference; fileEncoding = 4; lastKnownFileType = sourcecode.c.objc; name = AppDelegate.m; path = Pantha/AppDelegate.m; sourceTree = "<group>"; };
		13B07FB51A68108700A75B9A /* Images.xcassets */ = {isa = PBXFileReference; lastKnownFileType = folder.assetcatalog; name = Images.xcassets; path = Pantha/Images.xcassets; sourceTree = "<group>"; };
		13B07FB61A68108700A75B9A /* Info.plist */ = {isa = PBXFileReference; fileEncoding = 4; lastKnownFileType = text.plist.xml; name = Info.plist; path = Pantha/Info.plist; sourceTree = "<group>"; };
		13B07FB71A68108700A75B9A /* main.m */ = {isa = PBXFileReference; fileEncoding = 4; lastKnownFileType = sourcecode.c.objc; name = main.m; path = Pantha/main.m; sourceTree = "<group>"; };
		181C48F5C08F4B3DB69112FA /* EvilIcons.ttf */ = {isa = PBXFileReference; explicitFileType = undefined; fileEncoding = undefined; includeInIndex = 0; lastKnownFileType = unknown; name = EvilIcons.ttf; path = "../node_modules/react-native-vector-icons/Fonts/EvilIcons.ttf"; sourceTree = "<group>"; };
		18EEFABF2671625300742EFE /* fonts */ = {isa = PBXFileReference; lastKnownFileType = folder; path = fonts; sourceTree = "<group>"; };
		263F208C78A4C9B58664BC9A /* libPods-Pantha.a */ = {isa = PBXFileReference; explicitFileType = archive.ar; includeInIndex = 0; path = "libPods-Pantha.a"; sourceTree = BUILT_PRODUCTS_DIR; };
		2F2B6FAE6ECF47A98C1AAC45 /* AntDesign.ttf */ = {isa = PBXFileReference; explicitFileType = undefined; fileEncoding = undefined; includeInIndex = 0; lastKnownFileType = unknown; name = AntDesign.ttf; path = "../node_modules/react-native-vector-icons/Fonts/AntDesign.ttf"; sourceTree = "<group>"; };
		31E2F3C4F337473EA133D853 /* Entypo.ttf */ = {isa = PBXFileReference; explicitFileType = undefined; fileEncoding = undefined; includeInIndex = 0; lastKnownFileType = unknown; name = Entypo.ttf; path = "../node_modules/react-native-vector-icons/Fonts/Entypo.ttf"; sourceTree = "<group>"; };
		3579FE0C0E0144C0B5CDD6F2 /* FontAwesome.ttf */ = {isa = PBXFileReference; explicitFileType = undefined; fileEncoding = undefined; includeInIndex = 0; lastKnownFileType = unknown; name = FontAwesome.ttf; path = "../node_modules/react-native-vector-icons/Fonts/FontAwesome.ttf"; sourceTree = "<group>"; };
		3B1CA1C48B6A46B5AD17A945 /* Foundation.ttf */ = {isa = PBXFileReference; explicitFileType = undefined; fileEncoding = undefined; includeInIndex = 0; lastKnownFileType = unknown; name = Foundation.ttf; path = "../node_modules/react-native-vector-icons/Fonts/Foundation.ttf"; sourceTree = "<group>"; };
		3CE7CBE9EC58496CB8D58117 /* MaterialIcons.ttf */ = {isa = PBXFileReference; explicitFileType = undefined; fileEncoding = undefined; includeInIndex = 0; lastKnownFileType = unknown; name = MaterialIcons.ttf; path = "../node_modules/react-native-vector-icons/Fonts/MaterialIcons.ttf"; sourceTree = "<group>"; };
		41F1486117C74CD4991A83B5 /* Fontisto.ttf */ = {isa = PBXFileReference; explicitFileType = undefined; fileEncoding = undefined; includeInIndex = 0; lastKnownFileType = unknown; name = Fontisto.ttf; path = "../node_modules/react-native-vector-icons/Fonts/Fontisto.ttf"; sourceTree = "<group>"; };
		589EF21777794F20B1CBBEBB /* MaterialCommunityIcons.ttf */ = {isa = PBXFileReference; explicitFileType = undefined; fileEncoding = undefined; includeInIndex = 0; lastKnownFileType = unknown; name = MaterialCommunityIcons.ttf; path = "../node_modules/react-native-vector-icons/Fonts/MaterialCommunityIcons.ttf"; sourceTree = "<group>"; };
		5CF1216706F6086D5B179B5B /* Pods-Pantha-PanthaTests.debug.xcconfig */ = {isa = PBXFileReference; includeInIndex = 1; lastKnownFileType = text.xcconfig; name = "Pods-Pantha-PanthaTests.debug.xcconfig"; path = "Target Support Files/Pods-Pantha-PanthaTests/Pods-Pantha-PanthaTests.debug.xcconfig"; sourceTree = "<group>"; };
		81AB9BB72411601600AC10FF /* LaunchScreen.storyboard */ = {isa = PBXFileReference; fileEncoding = 4; lastKnownFileType = file.storyboard; name = LaunchScreen.storyboard; path = Pantha/LaunchScreen.storyboard; sourceTree = "<group>"; };
		8280681EA6B04248B1295EE1 /* Ionicons.ttf */ = {isa = PBXFileReference; explicitFileType = undefined; fileEncoding = undefined; includeInIndex = 0; lastKnownFileType = unknown; name = Ionicons.ttf; path = "../node_modules/react-native-vector-icons/Fonts/Ionicons.ttf"; sourceTree = "<group>"; };
		8446AA493F02A3EF32805479 /* libPods-Pantha-PanthaTests.a */ = {isa = PBXFileReference; explicitFileType = archive.ar; includeInIndex = 0; path = "libPods-Pantha-PanthaTests.a"; sourceTree = BUILT_PRODUCTS_DIR; };
		91B0AB0DD1A74132A19799DB /* FontAwesome5_Solid.ttf */ = {isa = PBXFileReference; explicitFileType = undefined; fileEncoding = undefined; includeInIndex = 0; lastKnownFileType = unknown; name = FontAwesome5_Solid.ttf; path = "../node_modules/react-native-vector-icons/Fonts/FontAwesome5_Solid.ttf"; sourceTree = "<group>"; };
		C27EAD84C1E84D9482D03527 /* Feather.ttf */ = {isa = PBXFileReference; explicitFileType = undefined; fileEncoding = undefined; includeInIndex = 0; lastKnownFileType = unknown; name = Feather.ttf; path = "../node_modules/react-native-vector-icons/Fonts/Feather.ttf"; sourceTree = "<group>"; };
		C621068D79F26900DC998115 /* Pods-Pantha.release.xcconfig */ = {isa = PBXFileReference; includeInIndex = 1; lastKnownFileType = text.xcconfig; name = "Pods-Pantha.release.xcconfig"; path = "Target Support Files/Pods-Pantha/Pods-Pantha.release.xcconfig"; sourceTree = "<group>"; };
		C84F7D75B5094B7EA26BECCA /* Zocial.ttf */ = {isa = PBXFileReference; explicitFileType = undefined; fileEncoding = undefined; includeInIndex = 0; lastKnownFileType = unknown; name = Zocial.ttf; path = "../node_modules/react-native-vector-icons/Fonts/Zocial.ttf"; sourceTree = "<group>"; };
		D5847BC4354346608025CEEB /* SimpleLineIcons.ttf */ = {isa = PBXFileReference; explicitFileType = undefined; fileEncoding = undefined; includeInIndex = 0; lastKnownFileType = unknown; name = SimpleLineIcons.ttf; path = "../node_modules/react-native-vector-icons/Fonts/SimpleLineIcons.ttf"; sourceTree = "<group>"; };
		D764369FB75368084A22AF03 /* Pods-Pantha.debug.xcconfig */ = {isa = PBXFileReference; includeInIndex = 1; lastKnownFileType = text.xcconfig; name = "Pods-Pantha.debug.xcconfig"; path = "Target Support Files/Pods-Pantha/Pods-Pantha.debug.xcconfig"; sourceTree = "<group>"; };
		E950A7744CFB47DDB343E269 /* FontAwesome5_Brands.ttf */ = {isa = PBXFileReference; explicitFileType = undefined; fileEncoding = undefined; includeInIndex = 0; lastKnownFileType = unknown; name = FontAwesome5_Brands.ttf; path = "../node_modules/react-native-vector-icons/Fonts/FontAwesome5_Brands.ttf"; sourceTree = "<group>"; };
		ED297162215061F000B7C4FE /* JavaScriptCore.framework */ = {isa = PBXFileReference; lastKnownFileType = wrapper.framework; name = JavaScriptCore.framework; path = System/Library/Frameworks/JavaScriptCore.framework; sourceTree = SDKROOT; };
		FCB78743900C4F6AA6963291 /* Raleway-Black.ttf */ = {isa = PBXFileReference; name = "Raleway-Black.ttf"; path = "../src/assets/fonts/Raleway-Black.ttf"; sourceTree = "<group>"; fileEncoding = undefined; lastKnownFileType = unknown; explicitFileType = undefined; includeInIndex = 0; };
		AAA7852E291B44A985DC9F76 /* Raleway-BlackItalic.ttf */ = {isa = PBXFileReference; name = "Raleway-BlackItalic.ttf"; path = "../src/assets/fonts/Raleway-BlackItalic.ttf"; sourceTree = "<group>"; fileEncoding = undefined; lastKnownFileType = unknown; explicitFileType = undefined; includeInIndex = 0; };
		1A12BD94509141DE9A96136D /* Raleway-Bold.ttf */ = {isa = PBXFileReference; name = "Raleway-Bold.ttf"; path = "../src/assets/fonts/Raleway-Bold.ttf"; sourceTree = "<group>"; fileEncoding = undefined; lastKnownFileType = unknown; explicitFileType = undefined; includeInIndex = 0; };
		DD29777F1A6941A39E068028 /* Raleway-BoldItalic.ttf */ = {isa = PBXFileReference; name = "Raleway-BoldItalic.ttf"; path = "../src/assets/fonts/Raleway-BoldItalic.ttf"; sourceTree = "<group>"; fileEncoding = undefined; lastKnownFileType = unknown; explicitFileType = undefined; includeInIndex = 0; };
		52B2258DFFD341AEB6D49FC9 /* Raleway-ExtraBold.ttf */ = {isa = PBXFileReference; name = "Raleway-ExtraBold.ttf"; path = "../src/assets/fonts/Raleway-ExtraBold.ttf"; sourceTree = "<group>"; fileEncoding = undefined; lastKnownFileType = unknown; explicitFileType = undefined; includeInIndex = 0; };
		4472AD2A7140466AA996FB3D /* Raleway-ExtraBoldItalic.ttf */ = {isa = PBXFileReference; name = "Raleway-ExtraBoldItalic.ttf"; path = "../src/assets/fonts/Raleway-ExtraBoldItalic.ttf"; sourceTree = "<group>"; fileEncoding = undefined; lastKnownFileType = unknown; explicitFileType = undefined; includeInIndex = 0; };
		B2C7558EEC444B4A87B6F9CA /* Raleway-ExtraLight.ttf */ = {isa = PBXFileReference; name = "Raleway-ExtraLight.ttf"; path = "../src/assets/fonts/Raleway-ExtraLight.ttf"; sourceTree = "<group>"; fileEncoding = undefined; lastKnownFileType = unknown; explicitFileType = undefined; includeInIndex = 0; };
		5FCA3F197BE74939AE0D16A6 /* Raleway-ExtraLightItalic.ttf */ = {isa = PBXFileReference; name = "Raleway-ExtraLightItalic.ttf"; path = "../src/assets/fonts/Raleway-ExtraLightItalic.ttf"; sourceTree = "<group>"; fileEncoding = undefined; lastKnownFileType = unknown; explicitFileType = undefined; includeInIndex = 0; };
		2A19AC47FC394BA4BEEADA08 /* Raleway-Italic.ttf */ = {isa = PBXFileReference; name = "Raleway-Italic.ttf"; path = "../src/assets/fonts/Raleway-Italic.ttf"; sourceTree = "<group>"; fileEncoding = undefined; lastKnownFileType = unknown; explicitFileType = undefined; includeInIndex = 0; };
		44400AF6CE094D8A8F584870 /* Raleway-Light.ttf */ = {isa = PBXFileReference; name = "Raleway-Light.ttf"; path = "../src/assets/fonts/Raleway-Light.ttf"; sourceTree = "<group>"; fileEncoding = undefined; lastKnownFileType = unknown; explicitFileType = undefined; includeInIndex = 0; };
		D194C5D80A92455798BE663E /* Raleway-LightItalic.ttf */ = {isa = PBXFileReference; name = "Raleway-LightItalic.ttf"; path = "../src/assets/fonts/Raleway-LightItalic.ttf"; sourceTree = "<group>"; fileEncoding = undefined; lastKnownFileType = unknown; explicitFileType = undefined; includeInIndex = 0; };
		44335B106FFE43B3A1D7AB7E /* Raleway-Medium.ttf */ = {isa = PBXFileReference; name = "Raleway-Medium.ttf"; path = "../src/assets/fonts/Raleway-Medium.ttf"; sourceTree = "<group>"; fileEncoding = undefined; lastKnownFileType = unknown; explicitFileType = undefined; includeInIndex = 0; };
		1269668643F647CBA27E5FEC /* Raleway-MediumItalic.ttf */ = {isa = PBXFileReference; name = "Raleway-MediumItalic.ttf"; path = "../src/assets/fonts/Raleway-MediumItalic.ttf"; sourceTree = "<group>"; fileEncoding = undefined; lastKnownFileType = unknown; explicitFileType = undefined; includeInIndex = 0; };
		C9D821B6E38940AFB455F610 /* Raleway-Regular.ttf */ = {isa = PBXFileReference; name = "Raleway-Regular.ttf"; path = "../src/assets/fonts/Raleway-Regular.ttf"; sourceTree = "<group>"; fileEncoding = undefined; lastKnownFileType = unknown; explicitFileType = undefined; includeInIndex = 0; };
		E25DD0BD815C49C3BCF8A9BF /* Raleway-SemiBold.ttf */ = {isa = PBXFileReference; name = "Raleway-SemiBold.ttf"; path = "../src/assets/fonts/Raleway-SemiBold.ttf"; sourceTree = "<group>"; fileEncoding = undefined; lastKnownFileType = unknown; explicitFileType = undefined; includeInIndex = 0; };
		041B78332CE744F2A7A3337D /* Raleway-SemiBoldItalic.ttf */ = {isa = PBXFileReference; name = "Raleway-SemiBoldItalic.ttf"; path = "../src/assets/fonts/Raleway-SemiBoldItalic.ttf"; sourceTree = "<group>"; fileEncoding = undefined; lastKnownFileType = unknown; explicitFileType = undefined; includeInIndex = 0; };
		F8B3C33E1B4B4F94A95C8DB6 /* Raleway-Thin.ttf */ = {isa = PBXFileReference; name = "Raleway-Thin.ttf"; path = "../src/assets/fonts/Raleway-Thin.ttf"; sourceTree = "<group>"; fileEncoding = undefined; lastKnownFileType = unknown; explicitFileType = undefined; includeInIndex = 0; };
		8221E45501B542359BF04324 /* Raleway-ThinItalic.ttf */ = {isa = PBXFileReference; name = "Raleway-ThinItalic.ttf"; path = "../src/assets/fonts/Raleway-ThinItalic.ttf"; sourceTree = "<group>"; fileEncoding = undefined; lastKnownFileType = unknown; explicitFileType = undefined; includeInIndex = 0; };
		FD232C9AB257481D9CED8756 /* Poppins-Black.ttf */ = {isa = PBXFileReference; name = "Poppins-Black.ttf"; path = "../src/assets/fonts/Poppins-Black.ttf"; sourceTree = "<group>"; fileEncoding = undefined; lastKnownFileType = unknown; explicitFileType = undefined; includeInIndex = 0; };
		BA8C1933AD6844D585C1ACC4 /* Poppins-Light.ttf */ = {isa = PBXFileReference; name = "Poppins-Light.ttf"; path = "../src/assets/fonts/Poppins-Light.ttf"; sourceTree = "<group>"; fileEncoding = undefined; lastKnownFileType = unknown; explicitFileType = undefined; includeInIndex = 0; };
		CEB2EA3E892B4EC4A8C39531 /* Poppins-Medium.ttf */ = {isa = PBXFileReference; name = "Poppins-Medium.ttf"; path = "../src/assets/fonts/Poppins-Medium.ttf"; sourceTree = "<group>"; fileEncoding = undefined; lastKnownFileType = unknown; explicitFileType = undefined; includeInIndex = 0; };
		20F4732E21414597BC859AD6 /* Poppins-Regular.ttf */ = {isa = PBXFileReference; name = "Poppins-Regular.ttf"; path = "../src/assets/fonts/Poppins-Regular.ttf"; sourceTree = "<group>"; fileEncoding = undefined; lastKnownFileType = unknown; explicitFileType = undefined; includeInIndex = 0; };
/* End PBXFileReference section */

/* Begin PBXFrameworksBuildPhase section */
		00E356EB1AD99517003FC87E /* Frameworks */ = {
			isa = PBXFrameworksBuildPhase;
			buildActionMask = 2147483647;
			files = (
				05EA03A389450F0E7AA8189C /* libPods-Pantha-PanthaTests.a in Frameworks */,
			);
			runOnlyForDeploymentPostprocessing = 0;
		};
		13B07F8C1A680F5B00A75B9A /* Frameworks */ = {
			isa = PBXFrameworksBuildPhase;
			buildActionMask = 2147483647;
			files = (
				207F4B774013C76D5B3D0EFC /* libPods-Pantha.a in Frameworks */,
			);
			runOnlyForDeploymentPostprocessing = 0;
		};
/* End PBXFrameworksBuildPhase section */

/* Begin PBXGroup section */
		00E356EF1AD99517003FC87E /* PanthaTests */ = {
			isa = PBXGroup;
			children = (
				00E356F21AD99517003FC87E /* PanthaTests.m */,
				00E356F01AD99517003FC87E /* Supporting Files */,
			);
			path = PanthaTests;
			sourceTree = "<group>";
		};
		00E356F01AD99517003FC87E /* Supporting Files */ = {
			isa = PBXGroup;
			children = (
				00E356F11AD99517003FC87E /* Info.plist */,
			);
			name = "Supporting Files";
			sourceTree = "<group>";
		};
		13B07FAE1A68108700A75B9A /* Pantha */ = {
			isa = PBXGroup;
			children = (
				13B07FAF1A68108700A75B9A /* AppDelegate.h */,
				13B07FB01A68108700A75B9A /* AppDelegate.m */,
				13B07FB51A68108700A75B9A /* Images.xcassets */,
				13B07FB61A68108700A75B9A /* Info.plist */,
				81AB9BB72411601600AC10FF /* LaunchScreen.storyboard */,
				13B07FB71A68108700A75B9A /* main.m */,
			);
			name = Pantha;
			sourceTree = "<group>";
		};
		2C3B09916BA6F40002C56A91 /* Pods */ = {
			isa = PBXGroup;
			children = (
				D764369FB75368084A22AF03 /* Pods-Pantha.debug.xcconfig */,
				C621068D79F26900DC998115 /* Pods-Pantha.release.xcconfig */,
				5CF1216706F6086D5B179B5B /* Pods-Pantha-PanthaTests.debug.xcconfig */,
				05830BCD812F23D6E414C7C6 /* Pods-Pantha-PanthaTests.release.xcconfig */,
			);
			path = Pods;
			sourceTree = "<group>";
		};
		2D16E6871FA4F8E400B85C8A /* Frameworks */ = {
			isa = PBXGroup;
			children = (
				ED297162215061F000B7C4FE /* JavaScriptCore.framework */,
				263F208C78A4C9B58664BC9A /* libPods-Pantha.a */,
				8446AA493F02A3EF32805479 /* libPods-Pantha-PanthaTests.a */,
			);
			name = Frameworks;
			sourceTree = "<group>";
		};
		4282654021234CCBBCCF900B /* Resources */ = {
			isa = PBXGroup;
			children = (
				2F2B6FAE6ECF47A98C1AAC45 /* AntDesign.ttf */,
				31E2F3C4F337473EA133D853 /* Entypo.ttf */,
				181C48F5C08F4B3DB69112FA /* EvilIcons.ttf */,
				C27EAD84C1E84D9482D03527 /* Feather.ttf */,
				3579FE0C0E0144C0B5CDD6F2 /* FontAwesome.ttf */,
				E950A7744CFB47DDB343E269 /* FontAwesome5_Brands.ttf */,
				0DDF747F5CA547D9A7720334 /* FontAwesome5_Regular.ttf */,
				91B0AB0DD1A74132A19799DB /* FontAwesome5_Solid.ttf */,
				41F1486117C74CD4991A83B5 /* Fontisto.ttf */,
				3B1CA1C48B6A46B5AD17A945 /* Foundation.ttf */,
				8280681EA6B04248B1295EE1 /* Ionicons.ttf */,
				589EF21777794F20B1CBBEBB /* MaterialCommunityIcons.ttf */,
				3CE7CBE9EC58496CB8D58117 /* MaterialIcons.ttf */,
				0371EDBCCE58455E8D31A75B /* Octicons.ttf */,
				D5847BC4354346608025CEEB /* SimpleLineIcons.ttf */,
				C84F7D75B5094B7EA26BECCA /* Zocial.ttf */,
				FCB78743900C4F6AA6963291 /* Raleway-Black.ttf */,
				AAA7852E291B44A985DC9F76 /* Raleway-BlackItalic.ttf */,
				1A12BD94509141DE9A96136D /* Raleway-Bold.ttf */,
				DD29777F1A6941A39E068028 /* Raleway-BoldItalic.ttf */,
				52B2258DFFD341AEB6D49FC9 /* Raleway-ExtraBold.ttf */,
				4472AD2A7140466AA996FB3D /* Raleway-ExtraBoldItalic.ttf */,
				B2C7558EEC444B4A87B6F9CA /* Raleway-ExtraLight.ttf */,
				5FCA3F197BE74939AE0D16A6 /* Raleway-ExtraLightItalic.ttf */,
				2A19AC47FC394BA4BEEADA08 /* Raleway-Italic.ttf */,
				44400AF6CE094D8A8F584870 /* Raleway-Light.ttf */,
				D194C5D80A92455798BE663E /* Raleway-LightItalic.ttf */,
				44335B106FFE43B3A1D7AB7E /* Raleway-Medium.ttf */,
				1269668643F647CBA27E5FEC /* Raleway-MediumItalic.ttf */,
				C9D821B6E38940AFB455F610 /* Raleway-Regular.ttf */,
				E25DD0BD815C49C3BCF8A9BF /* Raleway-SemiBold.ttf */,
				041B78332CE744F2A7A3337D /* Raleway-SemiBoldItalic.ttf */,
				F8B3C33E1B4B4F94A95C8DB6 /* Raleway-Thin.ttf */,
				8221E45501B542359BF04324 /* Raleway-ThinItalic.ttf */,
				FD232C9AB257481D9CED8756 /* Poppins-Black.ttf */,
				BA8C1933AD6844D585C1ACC4 /* Poppins-Light.ttf */,
				CEB2EA3E892B4EC4A8C39531 /* Poppins-Medium.ttf */,
				20F4732E21414597BC859AD6 /* Poppins-Regular.ttf */,
			);
			name = Resources;
			sourceTree = "<group>";
		};
		832341AE1AAA6A7D00B99B32 /* Libraries */ = {
			isa = PBXGroup;
			children = (
			);
			name = Libraries;
			sourceTree = "<group>";
		};
		83CBB9F61A601CBA00E9B192 = {
			isa = PBXGroup;
			children = (
				18EEFABF2671625300742EFE /* fonts */,
				13B07FAE1A68108700A75B9A /* Pantha */,
				832341AE1AAA6A7D00B99B32 /* Libraries */,
				00E356EF1AD99517003FC87E /* PanthaTests */,
				83CBBA001A601CBA00E9B192 /* Products */,
				2D16E6871FA4F8E400B85C8A /* Frameworks */,
				2C3B09916BA6F40002C56A91 /* Pods */,
				4282654021234CCBBCCF900B /* Resources */,
			);
			indentWidth = 2;
			sourceTree = "<group>";
			tabWidth = 2;
			usesTabs = 0;
		};
		83CBBA001A601CBA00E9B192 /* Products */ = {
			isa = PBXGroup;
			children = (
				13B07F961A680F5B00A75B9A /* Pantha.app */,
				00E356EE1AD99517003FC87E /* PanthaTests.xctest */,
			);
			name = Products;
			sourceTree = "<group>";
		};
/* End PBXGroup section */

/* Begin PBXNativeTarget section */
		00E356ED1AD99517003FC87E /* PanthaTests */ = {
			isa = PBXNativeTarget;
			buildConfigurationList = 00E357021AD99517003FC87E /* Build configuration list for PBXNativeTarget "PanthaTests" */;
			buildPhases = (
				16C87348222B31CA75FC8CB9 /* [CP] Check Pods Manifest.lock */,
				00E356EA1AD99517003FC87E /* Sources */,
				00E356EB1AD99517003FC87E /* Frameworks */,
				00E356EC1AD99517003FC87E /* Resources */,
				043FE77B25BCBD0705413DE3 /* [CP] Embed Pods Frameworks */,
				956245AC3AC089FA7155C944 /* [CP] Copy Pods Resources */,
			);
			buildRules = (
			);
			dependencies = (
				00E356F51AD99517003FC87E /* PBXTargetDependency */,
			);
			name = PanthaTests;
			productName = PanthaTests;
			productReference = 00E356EE1AD99517003FC87E /* PanthaTests.xctest */;
			productType = "com.apple.product-type.bundle.unit-test";
		};
		13B07F861A680F5B00A75B9A /* Pantha */ = {
			isa = PBXNativeTarget;
			buildConfigurationList = 13B07F931A680F5B00A75B9A /* Build configuration list for PBXNativeTarget "Pantha" */;
			buildPhases = (
				1A4DD98A289000969591943B /* [CP] Check Pods Manifest.lock */,
				FD10A7F022414F080027D42C /* Start Packager */,
				13B07F871A680F5B00A75B9A /* Sources */,
				13B07F8C1A680F5B00A75B9A /* Frameworks */,
				13B07F8E1A680F5B00A75B9A /* Resources */,
				00DD1BFF1BD5951E006B06BC /* Bundle React Native code and images */,
				CA49078BD6E7A41021440161 /* [CP] Embed Pods Frameworks */,
				73D56B2D940DB32262F8E10D /* [CP] Copy Pods Resources */,
			);
			buildRules = (
			);
			dependencies = (
			);
			name = Pantha;
			productName = Pantha;
			productReference = 13B07F961A680F5B00A75B9A /* Pantha.app */;
			productType = "com.apple.product-type.application";
		};
/* End PBXNativeTarget section */

/* Begin PBXProject section */
		83CBB9F71A601CBA00E9B192 /* Project object */ = {
			isa = PBXProject;
			attributes = {
				LastUpgradeCheck = 1210;
				TargetAttributes = {
					00E356ED1AD99517003FC87E = {
						CreatedOnToolsVersion = 6.2;
						TestTargetID = 13B07F861A680F5B00A75B9A;
					};
					13B07F861A680F5B00A75B9A = {
						LastSwiftMigration = 1120;
					};
				};
			};
			buildConfigurationList = 83CBB9FA1A601CBA00E9B192 /* Build configuration list for PBXProject "Pantha" */;
			compatibilityVersion = "Xcode 12.0";
			developmentRegion = en;
			hasScannedForEncodings = 0;
			knownRegions = (
				en,
				Base,
			);
			mainGroup = 83CBB9F61A601CBA00E9B192;
			productRefGroup = 83CBBA001A601CBA00E9B192 /* Products */;
			projectDirPath = "";
			projectRoot = "";
			targets = (
				13B07F861A680F5B00A75B9A /* Pantha */,
				00E356ED1AD99517003FC87E /* PanthaTests */,
			);
		};
/* End PBXProject section */

/* Begin PBXResourcesBuildPhase section */
		00E356EC1AD99517003FC87E /* Resources */ = {
			isa = PBXResourcesBuildPhase;
			buildActionMask = 2147483647;
			files = (
			);
			runOnlyForDeploymentPostprocessing = 0;
		};
		13B07F8E1A680F5B00A75B9A /* Resources */ = {
			isa = PBXResourcesBuildPhase;
			buildActionMask = 2147483647;
			files = (
				81AB9BB82411601600AC10FF /* LaunchScreen.storyboard in Resources */,
				13B07FBF1A68108700A75B9A /* Images.xcassets in Resources */,
				18EEFAC02671625300742EFE /* fonts in Resources */,
				58ED859B9D584EEEA4DDAC21 /* AntDesign.ttf in Resources */,
				B3A8984DC4134F30A48438DF /* Entypo.ttf in Resources */,
				051E5152C5B14E92AF6086FA /* EvilIcons.ttf in Resources */,
				6E81510030494B579180497D /* Feather.ttf in Resources */,
				3BD676C1A3654F509F7AF666 /* FontAwesome.ttf in Resources */,
				45B5A720ADB24BCDA8FFFA23 /* FontAwesome5_Brands.ttf in Resources */,
				B0EF5B51BF5549D78EC51858 /* FontAwesome5_Regular.ttf in Resources */,
				4D2F1F79646A4AE89BD75896 /* FontAwesome5_Solid.ttf in Resources */,
				E19910742DA64A31AD33BFA3 /* Fontisto.ttf in Resources */,
				658F8D2206D145B19A5A5D10 /* Foundation.ttf in Resources */,
				F584C335553A456BA0370130 /* Ionicons.ttf in Resources */,
				446BF0208EFC43E28D4BF647 /* MaterialCommunityIcons.ttf in Resources */,
				7C9447393A0B44439B9682AE /* MaterialIcons.ttf in Resources */,
				40CC3824085C45D186337390 /* Octicons.ttf in Resources */,
				6FA7FA51DAFB4D09A21B5DBB /* SimpleLineIcons.ttf in Resources */,
				72E224E3112A4DFDACC2E733 /* Zocial.ttf in Resources */,
				BF291A229F744C5F9A6714A3 /* Raleway-Black.ttf in Resources */,
				4384A079BDD044CF9025C7CE /* Raleway-BlackItalic.ttf in Resources */,
				476DF19844754C3C95C853D2 /* Raleway-Bold.ttf in Resources */,
				712C848325C34D8FA9BB3F61 /* Raleway-BoldItalic.ttf in Resources */,
				DFBD4F63795D4D80AC909293 /* Raleway-ExtraBold.ttf in Resources */,
				AE1FB67981E74B96A5D26129 /* Raleway-ExtraBoldItalic.ttf in Resources */,
				F84F75ED4FD941EB8ACEC0B7 /* Raleway-ExtraLight.ttf in Resources */,
				58060A2B13384104A51C460E /* Raleway-ExtraLightItalic.ttf in Resources */,
				3C372AF220074C419CB37120 /* Raleway-Italic.ttf in Resources */,
				2A437B17057E439A9E0F765C /* Raleway-Light.ttf in Resources */,
				9E1F6008DDD54C5AA035FF7C /* Raleway-LightItalic.ttf in Resources */,
				24D61449B10F4829BC8B9FB7 /* Raleway-Medium.ttf in Resources */,
				7CE9859EEB684A1F98DD0FC2 /* Raleway-MediumItalic.ttf in Resources */,
				4C1E0BDA7E9E4C418067826C /* Raleway-Regular.ttf in Resources */,
				0C250658567A427FB06A4D73 /* Raleway-SemiBold.ttf in Resources */,
				1BF677911417433EA3C03721 /* Raleway-SemiBoldItalic.ttf in Resources */,
				AC38A9C7AC5B4D0DBCDBFB06 /* Raleway-Thin.ttf in Resources */,
				C8DF70C6D732414CB0DD9EE9 /* Raleway-ThinItalic.ttf in Resources */,
				D5580BAEF80F416389075646 /* Poppins-Black.ttf in Resources */,
				423FD2D353004F58BA2891D9 /* Poppins-Light.ttf in Resources */,
				674AC9DD1594480B9898F611 /* Poppins-Medium.ttf in Resources */,
				EF7A133EC8A2431C86A04172 /* Poppins-Regular.ttf in Resources */,
			);
			runOnlyForDeploymentPostprocessing = 0;
		};
/* End PBXResourcesBuildPhase section */

/* Begin PBXShellScriptBuildPhase section */
		00DD1BFF1BD5951E006B06BC /* Bundle React Native code and images */ = {
			isa = PBXShellScriptBuildPhase;
			buildActionMask = 12;
			files = (
			);
			inputPaths = (
			);
			name = "Bundle React Native code and images";
			outputPaths = (
			);
			runOnlyForDeploymentPostprocessing = 0;
			shellPath = /bin/sh;
			shellScript = "set -e\n\nexport NODE_BINARY=node\n../node_modules/react-native/scripts/react-native-xcode.sh\n";
		};
		043FE77B25BCBD0705413DE3 /* [CP] Embed Pods Frameworks */ = {
			isa = PBXShellScriptBuildPhase;
			buildActionMask = 2147483647;
			files = (
			);
			inputFileListPaths = (
				"${PODS_ROOT}/Target Support Files/Pods-Pantha-PanthaTests/Pods-Pantha-PanthaTests-frameworks-${CONFIGURATION}-input-files.xcfilelist",
			);
			name = "[CP] Embed Pods Frameworks";
			outputFileListPaths = (
				"${PODS_ROOT}/Target Support Files/Pods-Pantha-PanthaTests/Pods-Pantha-PanthaTests-frameworks-${CONFIGURATION}-output-files.xcfilelist",
			);
			runOnlyForDeploymentPostprocessing = 0;
			shellPath = /bin/sh;
			shellScript = "\"${PODS_ROOT}/Target Support Files/Pods-Pantha-PanthaTests/Pods-Pantha-PanthaTests-frameworks.sh\"\n";
			showEnvVarsInLog = 0;
		};
		16C87348222B31CA75FC8CB9 /* [CP] Check Pods Manifest.lock */ = {
			isa = PBXShellScriptBuildPhase;
			buildActionMask = 2147483647;
			files = (
			);
			inputFileListPaths = (
			);
			inputPaths = (
				"${PODS_PODFILE_DIR_PATH}/Podfile.lock",
				"${PODS_ROOT}/Manifest.lock",
			);
			name = "[CP] Check Pods Manifest.lock";
			outputFileListPaths = (
			);
			outputPaths = (
				"$(DERIVED_FILE_DIR)/Pods-Pantha-PanthaTests-checkManifestLockResult.txt",
			);
			runOnlyForDeploymentPostprocessing = 0;
			shellPath = /bin/sh;
			shellScript = "diff \"${PODS_PODFILE_DIR_PATH}/Podfile.lock\" \"${PODS_ROOT}/Manifest.lock\" > /dev/null\nif [ $? != 0 ] ; then\n    # print error to STDERR\n    echo \"error: The sandbox is not in sync with the Podfile.lock. Run 'pod install' or update your CocoaPods installation.\" >&2\n    exit 1\nfi\n# This output is used by Xcode 'outputs' to avoid re-running this script phase.\necho \"SUCCESS\" > \"${SCRIPT_OUTPUT_FILE_0}\"\n";
			showEnvVarsInLog = 0;
		};
		1A4DD98A289000969591943B /* [CP] Check Pods Manifest.lock */ = {
			isa = PBXShellScriptBuildPhase;
			buildActionMask = 2147483647;
			files = (
			);
			inputFileListPaths = (
			);
			inputPaths = (
				"${PODS_PODFILE_DIR_PATH}/Podfile.lock",
				"${PODS_ROOT}/Manifest.lock",
			);
			name = "[CP] Check Pods Manifest.lock";
			outputFileListPaths = (
			);
			outputPaths = (
				"$(DERIVED_FILE_DIR)/Pods-Pantha-checkManifestLockResult.txt",
			);
			runOnlyForDeploymentPostprocessing = 0;
			shellPath = /bin/sh;
			shellScript = "diff \"${PODS_PODFILE_DIR_PATH}/Podfile.lock\" \"${PODS_ROOT}/Manifest.lock\" > /dev/null\nif [ $? != 0 ] ; then\n    # print error to STDERR\n    echo \"error: The sandbox is not in sync with the Podfile.lock. Run 'pod install' or update your CocoaPods installation.\" >&2\n    exit 1\nfi\n# This output is used by Xcode 'outputs' to avoid re-running this script phase.\necho \"SUCCESS\" > \"${SCRIPT_OUTPUT_FILE_0}\"\n";
			showEnvVarsInLog = 0;
		};
		73D56B2D940DB32262F8E10D /* [CP] Copy Pods Resources */ = {
			isa = PBXShellScriptBuildPhase;
			buildActionMask = 2147483647;
			files = (
			);
			inputFileListPaths = (
				"${PODS_ROOT}/Target Support Files/Pods-Pantha/Pods-Pantha-resources-${CONFIGURATION}-input-files.xcfilelist",
			);
			name = "[CP] Copy Pods Resources";
			outputFileListPaths = (
				"${PODS_ROOT}/Target Support Files/Pods-Pantha/Pods-Pantha-resources-${CONFIGURATION}-output-files.xcfilelist",
			);
			runOnlyForDeploymentPostprocessing = 0;
			shellPath = /bin/sh;
			shellScript = "\"${PODS_ROOT}/Target Support Files/Pods-Pantha/Pods-Pantha-resources.sh\"\n";
			showEnvVarsInLog = 0;
		};
		956245AC3AC089FA7155C944 /* [CP] Copy Pods Resources */ = {
			isa = PBXShellScriptBuildPhase;
			buildActionMask = 2147483647;
			files = (
			);
			inputFileListPaths = (
				"${PODS_ROOT}/Target Support Files/Pods-Pantha-PanthaTests/Pods-Pantha-PanthaTests-resources-${CONFIGURATION}-input-files.xcfilelist",
			);
			name = "[CP] Copy Pods Resources";
			outputFileListPaths = (
				"${PODS_ROOT}/Target Support Files/Pods-Pantha-PanthaTests/Pods-Pantha-PanthaTests-resources-${CONFIGURATION}-output-files.xcfilelist",
			);
			runOnlyForDeploymentPostprocessing = 0;
			shellPath = /bin/sh;
			shellScript = "\"${PODS_ROOT}/Target Support Files/Pods-Pantha-PanthaTests/Pods-Pantha-PanthaTests-resources.sh\"\n";
			showEnvVarsInLog = 0;
		};
		CA49078BD6E7A41021440161 /* [CP] Embed Pods Frameworks */ = {
			isa = PBXShellScriptBuildPhase;
			buildActionMask = 2147483647;
			files = (
			);
			inputFileListPaths = (
				"${PODS_ROOT}/Target Support Files/Pods-Pantha/Pods-Pantha-frameworks-${CONFIGURATION}-input-files.xcfilelist",
			);
			name = "[CP] Embed Pods Frameworks";
			outputFileListPaths = (
				"${PODS_ROOT}/Target Support Files/Pods-Pantha/Pods-Pantha-frameworks-${CONFIGURATION}-output-files.xcfilelist",
			);
			runOnlyForDeploymentPostprocessing = 0;
			shellPath = /bin/sh;
			shellScript = "\"${PODS_ROOT}/Target Support Files/Pods-Pantha/Pods-Pantha-frameworks.sh\"\n";
			showEnvVarsInLog = 0;
		};
		FD10A7F022414F080027D42C /* Start Packager */ = {
			isa = PBXShellScriptBuildPhase;
			buildActionMask = 2147483647;
			files = (
			);
			inputFileListPaths = (
			);
			inputPaths = (
			);
			name = "Start Packager";
			outputFileListPaths = (
			);
			outputPaths = (
			);
			runOnlyForDeploymentPostprocessing = 0;
			shellPath = /bin/sh;
			shellScript = "export RCT_METRO_PORT=\"${RCT_METRO_PORT:=8081}\"\necho \"export RCT_METRO_PORT=${RCT_METRO_PORT}\" > \"${SRCROOT}/../node_modules/react-native/scripts/.packager.env\"\nif [ -z \"${RCT_NO_LAUNCH_PACKAGER+xxx}\" ] ; then\n  if nc -w 5 -z localhost ${RCT_METRO_PORT} ; then\n    if ! curl -s \"http://localhost:${RCT_METRO_PORT}/status\" | grep -q \"packager-status:running\" ; then\n      echo \"Port ${RCT_METRO_PORT} already in use, packager is either not running or not running correctly\"\n      exit 2\n    fi\n  else\n    open \"$SRCROOT/../node_modules/react-native/scripts/launchPackager.command\" || echo \"Can't start packager automatically\"\n  fi\nfi\n";
			showEnvVarsInLog = 0;
		};
/* End PBXShellScriptBuildPhase section */

/* Begin PBXSourcesBuildPhase section */
		00E356EA1AD99517003FC87E /* Sources */ = {
			isa = PBXSourcesBuildPhase;
			buildActionMask = 2147483647;
			files = (
				00E356F31AD99517003FC87E /* PanthaTests.m in Sources */,
			);
			runOnlyForDeploymentPostprocessing = 0;
		};
		13B07F871A680F5B00A75B9A /* Sources */ = {
			isa = PBXSourcesBuildPhase;
			buildActionMask = 2147483647;
			files = (
				13B07FBC1A68108700A75B9A /* AppDelegate.m in Sources */,
				13B07FC11A68108700A75B9A /* main.m in Sources */,
			);
			runOnlyForDeploymentPostprocessing = 0;
		};
/* End PBXSourcesBuildPhase section */

/* Begin PBXTargetDependency section */
		00E356F51AD99517003FC87E /* PBXTargetDependency */ = {
			isa = PBXTargetDependency;
			target = 13B07F861A680F5B00A75B9A /* Pantha */;
			targetProxy = 00E356F41AD99517003FC87E /* PBXContainerItemProxy */;
		};
/* End PBXTargetDependency section */

/* Begin XCBuildConfiguration section */
		00E356F61AD99517003FC87E /* Debug */ = {
			isa = XCBuildConfiguration;
			baseConfigurationReference = 5CF1216706F6086D5B179B5B /* Pods-Pantha-PanthaTests.debug.xcconfig */;
			buildSettings = {
				BUNDLE_LOADER = "$(TEST_HOST)";
				GCC_PREPROCESSOR_DEFINITIONS = (
					"DEBUG=1",
					"$(inherited)",
				);
				INFOPLIST_FILE = PanthaTests/Info.plist;
				IPHONEOS_DEPLOYMENT_TARGET = 10.0;
				LD_RUNPATH_SEARCH_PATHS = (
					"$(inherited)",
					"@executable_path/Frameworks",
					"@loader_path/Frameworks",
				);
				OTHER_LDFLAGS = (
					"-ObjC",
					"-lc++",
					"$(inherited)",
				);
				PRODUCT_BUNDLE_IDENTIFIER = "org.reactjs.native.example.$(PRODUCT_NAME:rfc1034identifier)";
				PRODUCT_NAME = "$(TARGET_NAME)";
				TEST_HOST = "$(BUILT_PRODUCTS_DIR)/Pantha.app/Pantha";
			};
			name = Debug;
		};
		00E356F71AD99517003FC87E /* Release */ = {
			isa = XCBuildConfiguration;
			baseConfigurationReference = 05830BCD812F23D6E414C7C6 /* Pods-Pantha-PanthaTests.release.xcconfig */;
			buildSettings = {
				BUNDLE_LOADER = "$(TEST_HOST)";
				COPY_PHASE_STRIP = NO;
				INFOPLIST_FILE = PanthaTests/Info.plist;
				IPHONEOS_DEPLOYMENT_TARGET = 10.0;
				LD_RUNPATH_SEARCH_PATHS = (
					"$(inherited)",
					"@executable_path/Frameworks",
					"@loader_path/Frameworks",
				);
				OTHER_LDFLAGS = (
					"-ObjC",
					"-lc++",
					"$(inherited)",
				);
				PRODUCT_BUNDLE_IDENTIFIER = "org.reactjs.native.example.$(PRODUCT_NAME:rfc1034identifier)";
				PRODUCT_NAME = "$(TARGET_NAME)";
				TEST_HOST = "$(BUILT_PRODUCTS_DIR)/Pantha.app/Pantha";
			};
			name = Release;
		};
		13B07F941A680F5B00A75B9A /* Debug */ = {
			isa = XCBuildConfiguration;
			baseConfigurationReference = D764369FB75368084A22AF03 /* Pods-Pantha.debug.xcconfig */;
			buildSettings = {
				ASSETCATALOG_COMPILER_APPICON_NAME = AppIcon;
				CLANG_ENABLE_MODULES = YES;
				CURRENT_PROJECT_VERSION = 1;
				ENABLE_BITCODE = NO;
				INFOPLIST_FILE = Pantha/Info.plist;
				LD_RUNPATH_SEARCH_PATHS = (
					"$(inherited)",
					"@executable_path/Frameworks",
				);
				OTHER_LDFLAGS = (
					"$(inherited)",
					"-ObjC",
					"-lc++",
				);
				PRODUCT_BUNDLE_IDENTIFIER = "org.reactjs.native.example.$(PRODUCT_NAME:rfc1034identifier)";
				PRODUCT_NAME = Pantha;
				SWIFT_OPTIMIZATION_LEVEL = "-Onone";
				SWIFT_VERSION = 5.0;
				VERSIONING_SYSTEM = "apple-generic";
			};
			name = Debug;
		};
		13B07F951A680F5B00A75B9A /* Release */ = {
			isa = XCBuildConfiguration;
			baseConfigurationReference = C621068D79F26900DC998115 /* Pods-Pantha.release.xcconfig */;
			buildSettings = {
				ASSETCATALOG_COMPILER_APPICON_NAME = AppIcon;
				CLANG_ENABLE_MODULES = YES;
				CURRENT_PROJECT_VERSION = 1;
				INFOPLIST_FILE = Pantha/Info.plist;
				LD_RUNPATH_SEARCH_PATHS = (
					"$(inherited)",
					"@executable_path/Frameworks",
				);
				OTHER_LDFLAGS = (
					"$(inherited)",
					"-ObjC",
					"-lc++",
				);
				PRODUCT_BUNDLE_IDENTIFIER = "org.reactjs.native.example.$(PRODUCT_NAME:rfc1034identifier)";
				PRODUCT_NAME = Pantha;
				SWIFT_VERSION = 5.0;
				VERSIONING_SYSTEM = "apple-generic";
			};
			name = Release;
		};
		83CBBA201A601CBA00E9B192 /* Debug */ = {
			isa = XCBuildConfiguration;
			buildSettings = {
				ALWAYS_SEARCH_USER_PATHS = NO;
				CLANG_ANALYZER_LOCALIZABILITY_NONLOCALIZED = YES;
				CLANG_CXX_LANGUAGE_STANDARD = "gnu++0x";
				CLANG_CXX_LIBRARY = "libc++";
				CLANG_ENABLE_MODULES = YES;
				CLANG_ENABLE_OBJC_ARC = YES;
				CLANG_WARN_BLOCK_CAPTURE_AUTORELEASING = YES;
				CLANG_WARN_BOOL_CONVERSION = YES;
				CLANG_WARN_COMMA = YES;
				CLANG_WARN_CONSTANT_CONVERSION = YES;
				CLANG_WARN_DEPRECATED_OBJC_IMPLEMENTATIONS = YES;
				CLANG_WARN_DIRECT_OBJC_ISA_USAGE = YES_ERROR;
				CLANG_WARN_EMPTY_BODY = YES;
				CLANG_WARN_ENUM_CONVERSION = YES;
				CLANG_WARN_INFINITE_RECURSION = YES;
				CLANG_WARN_INT_CONVERSION = YES;
				CLANG_WARN_NON_LITERAL_NULL_CONVERSION = YES;
				CLANG_WARN_OBJC_IMPLICIT_RETAIN_SELF = YES;
				CLANG_WARN_OBJC_LITERAL_CONVERSION = YES;
				CLANG_WARN_OBJC_ROOT_CLASS = YES_ERROR;
				CLANG_WARN_QUOTED_INCLUDE_IN_FRAMEWORK_HEADER = YES;
				CLANG_WARN_RANGE_LOOP_ANALYSIS = YES;
				CLANG_WARN_STRICT_PROTOTYPES = YES;
				CLANG_WARN_SUSPICIOUS_MOVE = YES;
				CLANG_WARN_UNREACHABLE_CODE = YES;
				CLANG_WARN__DUPLICATE_METHOD_MATCH = YES;
				"CODE_SIGN_IDENTITY[sdk=iphoneos*]" = "iPhone Developer";
				COPY_PHASE_STRIP = NO;
				ENABLE_STRICT_OBJC_MSGSEND = YES;
				ENABLE_TESTABILITY = YES;
				"EXCLUDED_ARCHS[sdk=iphonesimulator*]" = "arm64 ";
				GCC_C_LANGUAGE_STANDARD = gnu99;
				GCC_DYNAMIC_NO_PIC = NO;
				GCC_NO_COMMON_BLOCKS = YES;
				GCC_OPTIMIZATION_LEVEL = 0;
				GCC_PREPROCESSOR_DEFINITIONS = (
					"DEBUG=1",
					"$(inherited)",
				);
				GCC_SYMBOLS_PRIVATE_EXTERN = NO;
				GCC_WARN_64_TO_32_BIT_CONVERSION = YES;
				GCC_WARN_ABOUT_RETURN_TYPE = YES_ERROR;
				GCC_WARN_UNDECLARED_SELECTOR = YES;
				GCC_WARN_UNINITIALIZED_AUTOS = YES_AGGRESSIVE;
				GCC_WARN_UNUSED_FUNCTION = YES;
				GCC_WARN_UNUSED_VARIABLE = YES;
				IPHONEOS_DEPLOYMENT_TARGET = 10.0;
				LD_RUNPATH_SEARCH_PATHS = (
					/usr/lib/swift,
					"$(inherited)",
				);
				LIBRARY_SEARCH_PATHS = (
					"\"$(TOOLCHAIN_DIR)/usr/lib/swift/$(PLATFORM_NAME)\"",
					"\"$(TOOLCHAIN_DIR)/usr/lib/swift-5.0/$(PLATFORM_NAME)\"",
					"\"$(inherited)\"",
				);
				MTL_ENABLE_DEBUG_INFO = YES;
				ONLY_ACTIVE_ARCH = YES;
				SDKROOT = iphoneos;
			};
			name = Debug;
		};
		83CBBA211A601CBA00E9B192 /* Release */ = {
			isa = XCBuildConfiguration;
			buildSettings = {
				ALWAYS_SEARCH_USER_PATHS = NO;
				CLANG_ANALYZER_LOCALIZABILITY_NONLOCALIZED = YES;
				CLANG_CXX_LANGUAGE_STANDARD = "gnu++0x";
				CLANG_CXX_LIBRARY = "libc++";
				CLANG_ENABLE_MODULES = YES;
				CLANG_ENABLE_OBJC_ARC = YES;
				CLANG_WARN_BLOCK_CAPTURE_AUTORELEASING = YES;
				CLANG_WARN_BOOL_CONVERSION = YES;
				CLANG_WARN_COMMA = YES;
				CLANG_WARN_CONSTANT_CONVERSION = YES;
				CLANG_WARN_DEPRECATED_OBJC_IMPLEMENTATIONS = YES;
				CLANG_WARN_DIRECT_OBJC_ISA_USAGE = YES_ERROR;
				CLANG_WARN_EMPTY_BODY = YES;
				CLANG_WARN_ENUM_CONVERSION = YES;
				CLANG_WARN_INFINITE_RECURSION = YES;
				CLANG_WARN_INT_CONVERSION = YES;
				CLANG_WARN_NON_LITERAL_NULL_CONVERSION = YES;
				CLANG_WARN_OBJC_IMPLICIT_RETAIN_SELF = YES;
				CLANG_WARN_OBJC_LITERAL_CONVERSION = YES;
				CLANG_WARN_OBJC_ROOT_CLASS = YES_ERROR;
				CLANG_WARN_QUOTED_INCLUDE_IN_FRAMEWORK_HEADER = YES;
				CLANG_WARN_RANGE_LOOP_ANALYSIS = YES;
				CLANG_WARN_STRICT_PROTOTYPES = YES;
				CLANG_WARN_SUSPICIOUS_MOVE = YES;
				CLANG_WARN_UNREACHABLE_CODE = YES;
				CLANG_WARN__DUPLICATE_METHOD_MATCH = YES;
				"CODE_SIGN_IDENTITY[sdk=iphoneos*]" = "iPhone Developer";
				COPY_PHASE_STRIP = YES;
				ENABLE_NS_ASSERTIONS = NO;
				ENABLE_STRICT_OBJC_MSGSEND = YES;
				"EXCLUDED_ARCHS[sdk=iphonesimulator*]" = "arm64 ";
				GCC_C_LANGUAGE_STANDARD = gnu99;
				GCC_NO_COMMON_BLOCKS = YES;
				GCC_WARN_64_TO_32_BIT_CONVERSION = YES;
				GCC_WARN_ABOUT_RETURN_TYPE = YES_ERROR;
				GCC_WARN_UNDECLARED_SELECTOR = YES;
				GCC_WARN_UNINITIALIZED_AUTOS = YES_AGGRESSIVE;
				GCC_WARN_UNUSED_FUNCTION = YES;
				GCC_WARN_UNUSED_VARIABLE = YES;
				IPHONEOS_DEPLOYMENT_TARGET = 10.0;
				LD_RUNPATH_SEARCH_PATHS = (
					/usr/lib/swift,
					"$(inherited)",
				);
				LIBRARY_SEARCH_PATHS = (
					"\"$(TOOLCHAIN_DIR)/usr/lib/swift/$(PLATFORM_NAME)\"",
					"\"$(TOOLCHAIN_DIR)/usr/lib/swift-5.0/$(PLATFORM_NAME)\"",
					"\"$(inherited)\"",
				);
				MTL_ENABLE_DEBUG_INFO = NO;
				SDKROOT = iphoneos;
				VALIDATE_PRODUCT = YES;
			};
			name = Release;
		};
/* End XCBuildConfiguration section */

/* Begin XCConfigurationList section */
		00E357021AD99517003FC87E /* Build configuration list for PBXNativeTarget "PanthaTests" */ = {
			isa = XCConfigurationList;
			buildConfigurations = (
				00E356F61AD99517003FC87E /* Debug */,
				00E356F71AD99517003FC87E /* Release */,
			);
			defaultConfigurationIsVisible = 0;
			defaultConfigurationName = Release;
		};
		13B07F931A680F5B00A75B9A /* Build configuration list for PBXNativeTarget "Pantha" */ = {
			isa = XCConfigurationList;
			buildConfigurations = (
				13B07F941A680F5B00A75B9A /* Debug */,
				13B07F951A680F5B00A75B9A /* Release */,
			);
			defaultConfigurationIsVisible = 0;
			defaultConfigurationName = Release;
		};
		83CBB9FA1A601CBA00E9B192 /* Build configuration list for PBXProject "Pantha" */ = {
			isa = XCConfigurationList;
			buildConfigurations = (
				83CBBA201A601CBA00E9B192 /* Debug */,
				83CBBA211A601CBA00E9B192 /* Release */,
			);
			defaultConfigurationIsVisible = 0;
			defaultConfigurationName = Release;
		};
/* End XCConfigurationList section */
	};
	rootObject = 83CBB9F71A601CBA00E9B192 /* Project object */;
}
